
Microsoft Visual Studio Solution File, Format Version 12.00
# Visual Studio Version 17
VisualStudioVersion = 17.3.32901.215
MinimumVisualStudioVersion = 10.0.40219.1
Project("{FAE04EC0-301F-11D3-BF4B-00C04F79EFBC}") = "Lab3_", "Lab3_\Lab3_.csproj", "{2C168688-3D85-4421-B2D6-ED8F1A1EFA5F}"
EndProject
Global
	GlobalSection(SolutionConfigurationPlatforms) = preSolution
		Debug|Any CPU = Debug|Any CPU
		Release|Any CPU = Release|Any CPU
	EndGlobalSection
	GlobalSection(ProjectConfigurationPlatforms) = postSolution
		{2C168688-3D85-4421-B2D6-ED8F1A1EFA5F}.Debug|Any CPU.ActiveCfg = Debug|Any CPU
		{2C168688-3D85-4421-B2D6-ED8F1A1EFA5F}.Debug|Any CPU.Build.0 = Debug|Any CPU
		{2C168688-3D85-4421-B2D6-ED8F1A1EFA5F}.Release|Any CPU.ActiveCfg = Release|Any CPU
		{2C168688-3D85-4421-B2D6-ED8F1A1EFA5F}.Release|Any CPU.Build.0 = Release|Any CPU
	EndGlobalSection
	GlobalSection(SolutionProperties) = preSolution
		HideSolutionNode = FALSE
	EndGlobalSection
	GlobalSection(ExtensibilityGlobals) = postSolution
		SolutionGuid = {CCCEEF49-2E2B-40BC-8616-1BDDF2267887}
	EndGlobalSection
EndGlobal
